// !$*UTF8*$!
{
	archiveVersion = 1;
	classes = {
	};
	objectVersion = 46;
	objects = {

/* Begin PBXBuildFile section */
		F9E814FA1ACFDEB800578B47 /* AppDelegate.swift in Sources */ = {isa = PBXBuildFile; fileRef = F9E814F91ACFDEB800578B47 /* AppDelegate.swift */; };
		F9E814FC1ACFDEB800578B47 /* ViewController.swift in Sources */ = {isa = PBXBuildFile; fileRef = F9E814FB1ACFDEB800578B47 /* ViewController.swift */; };
		F9E814FF1ACFDEB800578B47 /* Main.storyboard in Resources */ = {isa = PBXBuildFile; fileRef = F9E814FD1ACFDEB800578B47 /* Main.storyboard */; };
		F9E815011ACFDEB800578B47 /* Images.xcassets in Resources */ = {isa = PBXBuildFile; fileRef = F9E815001ACFDEB800578B47 /* Images.xcassets */; };
		F9E815041ACFDEB800578B47 /* LaunchScreen.xib in Resources */ = {isa = PBXBuildFile; fileRef = F9E815021ACFDEB800578B47 /* LaunchScreen.xib */; };
		F9E815101ACFDEB800578B47 /* LikeMeDateMeTests.swift in Sources */ = {isa = PBXBuildFile; fileRef = F9E8150F1ACFDEB800578B47 /* LikeMeDateMeTests.swift */; };
/* End PBXBuildFile section */

/* Begin PBXContainerItemProxy section */
		F9E8150A1ACFDEB800578B47 /* PBXContainerItemProxy */ = {
			isa = PBXContainerItemProxy;
			containerPortal = F9E814EC1ACFDEB800578B47 /* Project object */;
			proxyType = 1;
			remoteGlobalIDString = F9E814F31ACFDEB800578B47;
			remoteInfo = LikeMeDateMe;
		};
/* End PBXContainerItemProxy section */

/* Begin PBXFileReference section */
		F9E814F41ACFDEB800578B47 /* LikeMeDateMe.app */ = {isa = PBXFileReference; explicitFileType = wrapper.application; includeInIndex = 0; path = LikeMeDateMe.app; sourceTree = BUILT_PRODUCTS_DIR; };
		F9E814F81ACFDEB800578B47 /* Info.plist */ = {isa = PBXFileReference; lastKnownFileType = text.plist.xml; path = Info.plist; sourceTree = "<group>"; };
		F9E814F91ACFDEB800578B47 /* AppDelegate.swift */ = {isa = PBXFileReference; lastKnownFileType = sourcecode.swift; path = AppDelegate.swift; sourceTree = "<group>"; };
		F9E814FB1ACFDEB800578B47 /* ViewController.swift */ = {isa = PBXFileReference; lastKnownFileType = sourcecode.swift; path = ViewController.swift; sourceTree = "<group>"; };
		F9E814FE1ACFDEB800578B47 /* Base */ = {isa = PBXFileReference; lastKnownFileType = file.storyboard; name = Base; path = Base.lproj/Main.storyboard; sourceTree = "<group>"; };
		F9E815001ACFDEB800578B47 /* Images.xcassets */ = {isa = PBXFileReference; lastKnownFileType = folder.assetcatalog; path = Images.xcassets; sourceTree = "<group>"; };
		F9E815031ACFDEB800578B47 /* Base */ = {isa = PBXFileReference; lastKnownFileType = file.xib; name = Base; path = Base.lproj/LaunchScreen.xib; sourceTree = "<group>"; };
		F9E815091ACFDEB800578B47 /* LikeMeDateMeTests.xctest */ = {isa = PBXFileReference; explicitFileType = wrapper.cfbundle; includeInIndex = 0; path = LikeMeDateMeTests.xctest; sourceTree = BUILT_PRODUCTS_DIR; };
		F9E8150E1ACFDEB800578B47 /* Info.plist */ = {isa = PBXFileReference; lastKnownFileType = text.plist.xml; path = Info.plist; sourceTree = "<group>"; };
		F9E8150F1ACFDEB800578B47 /* LikeMeDateMeTests.swift */ = {isa = PBXFileReference; lastKnownFileType = sourcecode.swift; path = LikeMeDateMeTests.swift; sourceTree = "<group>"; };
/* End PBXFileReference section */

/* Begin PBXFrameworksBuildPhase section */
		F9E814F11ACFDEB800578B47 /* Frameworks */ = {
			isa = PBXFrameworksBuildPhase;
			buildActionMask = 2147483647;
			files = (
			);
			runOnlyForDeploymentPostprocessing = 0;
		};
		F9E815061ACFDEB800578B47 /* Frameworks */ = {
			isa = PBXFrameworksBuildPhase;
			buildActionMask = 2147483647;
			files = (
			);
			runOnlyForDeploymentPostprocessing = 0;
		};
/* End PBXFrameworksBuildPhase section */

/* Begin PBXGroup section */
		F9E814EB1ACFDEB800578B47 = {
			isa = PBXGroup;
			children = (
				F9E814F61ACFDEB800578B47 /* LikeMeDateMe */,
				F9E8150C1ACFDEB800578B47 /* LikeMeDateMeTests */,
				F9E814F51ACFDEB800578B47 /* Products */,
			);
			sourceTree = "<group>";
		};
		F9E814F51ACFDEB800578B47 /* Products */ = {
			isa = PBXGroup;
			children = (
				F9E814F41ACFDEB800578B47 /* LikeMeDateMe.app */,
				F9E815091ACFDEB800578B47 /* LikeMeDateMeTests.xctest */,
			);
			name = Products;
			sourceTree = "<group>";
		};
		F9E814F61ACFDEB800578B47 /* LikeMeDateMe */ = {
			isa = PBXGroup;
			children = (
				F9E814F91ACFDEB800578B47 /* AppDelegate.swift */,
				F9E814FB1ACFDEB800578B47 /* ViewController.swift */,
				F9E814FD1ACFDEB800578B47 /* Main.storyboard */,
				F9E815001ACFDEB800578B47 /* Images.xcassets */,
				F9E815021ACFDEB800578B47 /* LaunchScreen.xib */,
				F9E814F71ACFDEB800578B47 /* Supporting Files */,
			);
			path = LikeMeDateMe;
			sourceTree = "<group>";
		};
		F9E814F71ACFDEB800578B47 /* Supporting Files */ = {
			isa = PBXGroup;
			children = (
				F9E814F81ACFDEB800578B47 /* Info.plist */,
			);
			name = "Supporting Files";
			sourceTree = "<group>";
		};
		F9E8150C1ACFDEB800578B47 /* LikeMeDateMeTests */ = {
			isa = PBXGroup;
			children = (
				F9E8150F1ACFDEB800578B47 /* LikeMeDateMeTests.swift */,
				F9E8150D1ACFDEB800578B47 /* Supporting Files */,
			);
			path = LikeMeDateMeTests;
			sourceTree = "<group>";
		};
		F9E8150D1ACFDEB800578B47 /* Supporting Files */ = {
			isa = PBXGroup;
			children = (
				F9E8150E1ACFDEB800578B47 /* Info.plist */,
			);
			name = "Supporting Files";
			sourceTree = "<group>";
		};
/* End PBXGroup section */

/* Begin PBXNativeTarget section */
		F9E814F31ACFDEB800578B47 /* LikeMeDateMe */ = {
			isa = PBXNativeTarget;
			buildConfigurationList = F9E815131ACFDEB800578B47 /* Build configuration list for PBXNativeTarget "LikeMeDateMe" */;
			buildPhases = (
				F9E814F01ACFDEB800578B47 /* Sources */,
				F9E814F11ACFDEB800578B47 /* Frameworks */,
				F9E814F21ACFDEB800578B47 /* Resources */,
			);
			buildRules = (
			);
			dependencies = (
			);
			name = LikeMeDateMe;
			productName = LikeMeDateMe;
			productReference = F9E814F41ACFDEB800578B47 /* LikeMeDateMe.app */;
			productType = "com.apple.product-type.application";
		};
		F9E815081ACFDEB800578B47 /* LikeMeDateMeTests */ = {
			isa = PBXNativeTarget;
			buildConfigurationList = F9E815161ACFDEB800578B47 /* Build configuration list for PBXNativeTarget "LikeMeDateMeTests" */;
			buildPhases = (
				F9E815051ACFDEB800578B47 /* Sources */,
				F9E815061ACFDEB800578B47 /* Frameworks */,
				F9E815071ACFDEB800578B47 /* Resources */,
			);
			buildRules = (
			);
			dependencies = (
				F9E8150B1ACFDEB800578B47 /* PBXTargetDependency */,
			);
			name = LikeMeDateMeTests;
			productName = LikeMeDateMeTests;
			productReference = F9E815091ACFDEB800578B47 /* LikeMeDateMeTests.xctest */;
			productType = "com.apple.product-type.bundle.unit-test";
		};
/* End PBXNativeTarget section */

/* Begin PBXProject section */
		F9E814EC1ACFDEB800578B47 /* Project object */ = {
			isa = PBXProject;
			attributes = {
				LastUpgradeCheck = 0620;
				ORGANIZATIONNAME = "Armin Scheithauer";
				TargetAttributes = {
					F9E814F31ACFDEB800578B47 = {
						CreatedOnToolsVersion = 6.2;
					};
					F9E815081ACFDEB800578B47 = {
						CreatedOnToolsVersion = 6.2;
						TestTargetID = F9E814F31ACFDEB800578B47;
					};
				};
			};
			buildConfigurationList = F9E814EF1ACFDEB800578B47 /* Build configuration list for PBXProject "LikeMeDateMe" */;
			compatibilityVersion = "Xcode 3.2";
			developmentRegion = English;
			hasScannedForEncodings = 0;
			knownRegions = (
				en,
				Base,
			);
			mainGroup = F9E814EB1ACFDEB800578B47;
			productRefGroup = F9E814F51ACFDEB800578B47 /* Products */;
			projectDirPath = "";
			projectRoot = "";
			targets = (
				F9E814F31ACFDEB800578B47 /* LikeMeDateMe */,
				F9E815081ACFDEB800578B47 /* LikeMeDateMeTests */,
			);
		};
/* End PBXProject section */

/* Begin PBXResourcesBuildPhase section */
		F9E814F21ACFDEB800578B47 /* Resources */ = {
			isa = PBXResourcesBuildPhase;
			buildActionMask = 2147483647;
			files = (
				F9E814FF1ACFDEB800578B47 /* Main.storyboard in Resources */,
				F9E815041ACFDEB800578B47 /* LaunchScreen.xib in Resources */,
				F9E815011ACFDEB800578B47 /* Images.xcassets in Resources */,
			);
			runOnlyForDeploymentPostprocessing = 0;
		};
		F9E815071ACFDEB800578B47 /* Resources */ = {
			isa = PBXResourcesBuildPhase;
			buildActionMask = 2147483647;
			files = (
			);
			runOnlyForDeploymentPostprocessing = 0;
		};
/* End PBXResourcesBuildPhase section */

/* Begin PBXSourcesBuildPhase section */
		F9E814F01ACFDEB800578B47 /* Sources */ = {
			isa = PBXSourcesBuildPhase;
			buildActionMask = 2147483647;
			files = (
				F9E814FC1ACFDEB800578B47 /* ViewController.swift in Sources */,
				F9E814FA1ACFDEB800578B47 /* AppDelegate.swift in Sources */,
			);
			runOnlyForDeploymentPostprocessing = 0;
		};
		F9E815051ACFDEB800578B47 /* Sources */ = {
			isa = PBXSourcesBuildPhase;
			buildActionMask = 2147483647;
			files = (
				F9E815101ACFDEB800578B47 /* LikeMeDateMeTests.swift in Sources */,
			);
			runOnlyForDeploymentPostprocessing = 0;
		};
/* End PBXSourcesBuildPhase section */

/* Begin PBXTargetDependency section */
		F9E8150B1ACFDEB800578B47 /* PBXTargetDependency */ = {
			isa = PBXTargetDependency;
			target = F9E814F31ACFDEB800578B47 /* LikeMeDateMe */;
			targetProxy = F9E8150A1ACFDEB800578B47 /* PBXContainerItemProxy */;
		};
/* End PBXTargetDependency section */

/* Begin PBXVariantGroup section */
		F9E814FD1ACFDEB800578B47 /* Main.storyboard */ = {
			isa = PBXVariantGroup;
			children = (
				F9E814FE1ACFDEB800578B47 /* Base */,
			);
			name = Main.storyboard;
			sourceTree = "<group>";
		};
		F9E815021ACFDEB800578B47 /* LaunchScreen.xib */ = {
			isa = PBXVariantGroup;
			children = (
				F9E815031ACFDEB800578B47 /* Base */,
			);
			name = LaunchScreen.xib;
			sourceTree = "<group>";
		};
/* End PBXVariantGroup section */

/* Begin XCBuildConfiguration section */
		F9E815111ACFDEB800578B47 /* Debug */ = {
			isa = XCBuildConfiguration;
			buildSettings = {
				ALWAYS_SEARCH_USER_PATHS = NO;
				CLANG_CXX_LANGUAGE_STANDARD = "gnu++0x";
				CLANG_CXX_LIBRARY = "libc++";
				CLANG_ENABLE_MODULES = YES;
				CLANG_ENABLE_OBJC_ARC = YES;
				CLANG_WARN_BOOL_CONVERSION = YES;
				CLANG_WARN_CONSTANT_CONVERSION = YES;
				CLANG_WARN_DIRECT_OBJC_ISA_USAGE = YES_ERROR;
				CLANG_WARN_EMPTY_BODY = YES;
				CLANG_WARN_ENUM_CONVERSION = YES;
				CLANG_WARN_INT_CONVERSION = YES;
				CLANG_WARN_OBJC_ROOT_CLASS = YES_ERROR;
				CLANG_WARN_UNREACHABLE_CODE = YES;
				CLANG_WARN__DUPLICATE_METHOD_MATCH = YES;
				"CODE_SIGN_IDENTITY[sdk=iphoneos*]" = "iPhone Developer";
				COPY_PHASE_STRIP = NO;
				ENABLE_STRICT_OBJC_MSGSEND = YES;
				GCC_C_LANGUAGE_STANDARD = gnu99;
				GCC_DYNAMIC_NO_PIC = NO;
				GCC_OPTIMIZATION_LEVEL = 0;
				GCC_PREPROCESSOR_DEFINITIONS = (
					"DEBUG=1",
					"$(inherited)",
				);
				GCC_SYMBOLS_PRIVATE_EXTERN = NO;
				GCC_WARN_64_TO_32_BIT_CONVERSION = YES;
				GCC_WARN_ABOUT_RETURN_TYPE = YES_ERROR;
				GCC_WARN_UNDECLARED_SELECTOR = YES;
				GCC_WARN_UNINITIALIZED_AUTOS = YES_AGGRESSIVE;
				GCC_WARN_UNUSED_FUNCTION = YES;
				GCC_WARN_UNUSED_VARIABLE = YES;
				IPHONEOS_DEPLOYMENT_TARGET = 8.2;
				MTL_ENABLE_DEBUG_INFO = YES;
				ONLY_ACTIVE_ARCH = YES;
				SDKROOT = iphoneos;
				SWIFT_OPTIMIZATION_LEVEL = "-Onone";
				TARGETED_DEVICE_FAMILY = "1,2";
			};
			name = Debug;
		};
		F9E815121ACFDEB800578B47 /* Release */ = {
			isa = XCBuildConfiguration;
			buildSettings = {
				ALWAYS_SEARCH_USER_PATHS = NO;
				CLANG_CXX_LANGUAGE_STANDARD = "gnu++0x";
				CLANG_CXX_LIBRARY = "libc++";
				CLANG_ENABLE_MODULES = YES;
				CLANG_ENABLE_OBJC_ARC = YES;
				CLANG_WARN_BOOL_CONVERSION = YES;
				CLANG_WARN_CONSTANT_CONVERSION = YES;
				CLANG_WARN_DIRECT_OBJC_ISA_USAGE = YES_ERROR;
				CLANG_WARN_EMPTY_BODY = YES;
				CLANG_WARN_ENUM_CONVERSION = YES;
				CLANG_WARN_INT_CONVERSION = YES;
				CLANG_WARN_OBJC_ROOT_CLASS = YES_ERROR;
				CLANG_WARN_UNREACHABLE_CODE = YES;
				CLANG_WARN__DUPLICATE_METHOD_MATCH = YES;
				"CODE_SIGN_IDENTITY[sdk=iphoneos*]" = "iPhone Developer";
				COPY_PHASE_STRIP = NO;
				ENABLE_NS_ASSERTIONS = NO;
				ENABLE_STRICT_OBJC_MSGSEND = YES;
				GCC_C_LANGUAGE_STANDARD = gnu99;
				GCC_WARN_64_TO_32_BIT_CONVERSION = YES;
				GCC_WARN_ABOUT_RETURN_TYPE = YES_ERROR;
				GCC_WARN_UNDECLARED_SELECTOR = YES;
				GCC_WARN_UNINITIALIZED_AUTOS = YES_AGGRESSIVE;
				GCC_WARN_UNUSED_FUNCTION = YES;
				GCC_WARN_UNUSED_VARIABLE = YES;
				IPHONEOS_DEPLOYMENT_TARGET = 8.2;
				MTL_ENABLE_DEBUG_INFO = NO;
				SDKROOT = iphoneos;
				TARGETED_DEVICE_FAMILY = "1,2";
				VALIDATE_PRODUCT = YES;
			};
			name = Release;
		};
		F9E815141ACFDEB800578B47 /* Debug */ = {
			isa = XCBuildConfiguration;
			buildSettings = {
				ASSETCATALOG_COMPILER_APPICON_NAME = AppIcon;
				INFOPLIST_FILE = LikeMeDateMe/Info.plist;
				LD_RUNPATH_SEARCH_PATHS = "$(inherited) @executable_path/Frameworks";
				PRODUCT_NAME = "$(TARGET_NAME)";
			};
			name = Debug;
		};
		F9E815151ACFDEB800578B47 /* Release */ = {
			isa = XCBuildConfiguration;
			buildSettings = {
				ASSETCATALOG_COMPILER_APPICON_NAME = AppIcon;
				INFOPLIST_FILE = LikeMeDateMe/Info.plist;
				LD_RUNPATH_SEARCH_PATHS = "$(inherited) @executable_path/Frameworks";
				PRODUCT_NAME = "$(TARGET_NAME)";
			};
			name = Release;
		};
		F9E815171ACFDEB800578B47 /* Debug */ = {
			isa = XCBuildConfiguration;
			buildSettings = {
				BUNDLE_LOADER = "$(TEST_HOST)";
				FRAMEWORK_SEARCH_PATHS = (
					"$(SDKROOT)/Developer/Library/Frameworks",
					"$(inherited)",
				);
				GCC_PREPROCESSOR_DEFINITIONS = (
					"DEBUG=1",
					"$(inherited)",
				);
				INFOPLIST_FILE = LikeMeDateMeTests/Info.plist;
				LD_RUNPATH_SEARCH_PATHS = "$(inherited) @executable_path/Frameworks @loader_path/Frameworks";
				PRODUCT_NAME = "$(TARGET_NAME)";
				TEST_HOST = "$(BUILT_PRODUCTS_DIR)/LikeMeDateMe.app/LikeMeDateMe";
			};
			name = Debug;
		};
		F9E815181ACFDEB800578B47 /* Release */ = {
			isa = XCBuildConfiguration;
			buildSettings = {
				BUNDLE_LOADER = "$(TEST_HOST)";
				FRAMEWORK_SEARCH_PATHS = (
					"$(SDKROOT)/Developer/Library/Frameworks",
					"$(inherited)",
				);
				INFOPLIST_FILE = LikeMeDateMeTests/Info.plist;
				LD_RUNPATH_SEARCH_PATHS = "$(inherited) @executable_path/Frameworks @loader_path/Frameworks";
				PRODUCT_NAME = "$(TARGET_NAME)";
				TEST_HOST = "$(BUILT_PRODUCTS_DIR)/LikeMeDateMe.app/LikeMeDateMe";
			};
			name = Release;
		};
/* End XCBuildConfiguration section */

/* Begin XCConfigurationList section */
		F9E814EF1ACFDEB800578B47 /* Build configuration list for PBXProject "LikeMeDateMe" */ = {
			isa = XCConfigurationList;
			buildConfigurations = (
				F9E815111ACFDEB800578B47 /* Debug */,
				F9E815121ACFDEB800578B47 /* Release */,
			);
			defaultConfigurationIsVisible = 0;
			defaultConfigurationName = Release;
		};
		F9E815131ACFDEB800578B47 /* Build configuration list for PBXNativeTarget "LikeMeDateMe" */ = {
			isa = XCConfigurationList;
			buildConfigurations = (
				F9E815141ACFDEB800578B47 /* Debug */,
				F9E815151ACFDEB800578B47 /* Release */,
			);
			defaultConfigurationIsVisible = 0;
		};
		F9E815161ACFDEB800578B47 /* Build configuration list for PBXNativeTarget "LikeMeDateMeTests" */ = {
			isa = XCConfigurationList;
			buildConfigurations = (
				F9E815171ACFDEB800578B47 /* Debug */,
				F9E815181ACFDEB800578B47 /* Release */,
			);
			defaultConfigurationIsVisible = 0;
		};
/* End XCConfigurationList section */
	};
	rootObject = F9E814EC1ACFDEB800578B47 /* Project object */;
}
